
Microsoft Visual Studio Solution File, Format Version 12.00
# Visual Studio Version 17
VisualStudioVersion = 17.9.34616.47
MinimumVisualStudioVersion = 10.0.40219.1
Project("{FAE04EC0-301F-11D3-BF4B-00C04F79EFBC}") = "RandomJoke.Web", "RandomJoke.Web\RandomJoke.Web.csproj", "{D69695C2-A96D-459D-8558-D3217AE62018}"
EndProject
Project("{FAE04EC0-301F-11D3-BF4B-00C04F79EFBC}") = "RandomJoke.Api", "RandomJoke.Api\RandomJoke.Api.csproj", "{9185A669-1C15-4888-92DD-40C5F2904344}"
EndProject
Project("{E53339B2-1760-4266-BCC7-CA923CBCF16C}") = "docker-compose", "docker-compose.dcproj", "{7492BAB8-BE3B-477C-A925-7EACEF92CF4F}"
EndProject
Global
	GlobalSection(SolutionConfigurationPlatforms) = preSolution
		Debug|Any CPU = Debug|Any CPU
		Release|Any CPU = Release|Any CPU
	EndGlobalSection
	GlobalSection(ProjectConfigurationPlatforms) = postSolution
		{D69695C2-A96D-459D-8558-D3217AE62018}.Debug|Any CPU.ActiveCfg = Debug|Any CPU
		{D69695C2-A96D-459D-8558-D3217AE62018}.Debug|Any CPU.Build.0 = Debug|Any CPU
		{D69695C2-A96D-459D-8558-D3217AE62018}.Release|Any CPU.ActiveCfg = Release|Any CPU
		{D69695C2-A96D-459D-8558-D3217AE62018}.Release|Any CPU.Build.0 = Release|Any CPU
		{9185A669-1C15-4888-92DD-40C5F2904344}.Debug|Any CPU.ActiveCfg = Debug|Any CPU
		{9185A669-1C15-4888-92DD-40C5F2904344}.Debug|Any CPU.Build.0 = Debug|Any CPU
		{9185A669-1C15-4888-92DD-40C5F2904344}.Release|Any CPU.ActiveCfg = Release|Any CPU
		{9185A669-1C15-4888-92DD-40C5F2904344}.Release|Any CPU.Build.0 = Release|Any CPU
		{7492BAB8-BE3B-477C-A925-7EACEF92CF4F}.Debug|Any CPU.ActiveCfg = Debug|Any CPU
		{7492BAB8-BE3B-477C-A925-7EACEF92CF4F}.Debug|Any CPU.Build.0 = Debug|Any CPU
		{7492BAB8-BE3B-477C-A925-7EACEF92CF4F}.Release|Any CPU.ActiveCfg = Release|Any CPU
		{7492BAB8-BE3B-477C-A925-7EACEF92CF4F}.Release|Any CPU.Build.0 = Release|Any CPU
	EndGlobalSection
	GlobalSection(SolutionProperties) = preSolution
		HideSolutionNode = FALSE
	EndGlobalSection
	GlobalSection(ExtensibilityGlobals) = postSolution
		SolutionGuid = {1B075DEC-0B3A-404C-BDC7-F5EE925E6457}
	EndGlobalSection
EndGlobal
